
Microsoft Visual Studio Solution File, Format Version 12.00
# Visual Studio Version 17
VisualStudioVersion = 17.1.32421.90
MinimumVisualStudioVersion = 10.0.40219.1
Project("{FAE04EC0-301F-11D3-BF4B-00C04F79EFBC}") = "WpfTool", "WpfTool\WpfTool.csproj", "{1B673666-0BB7-446E-B8F0-170880DAC0BF}"
EndProject
Global
	GlobalSection(SolutionConfigurationPlatforms) = preSolution
		Debug|Any CPU = Debug|Any CPU
		Release|Any CPU = Release|Any CPU
	EndGlobalSection
	GlobalSection(ProjectConfigurationPlatforms) = postSolution
		{1B673666-0BB7-446E-B8F0-170880DAC0BF}.Debug|Any CPU.ActiveCfg = Debug|Any CPU
		{1B673666-0BB7-446E-B8F0-170880DAC0BF}.Debug|Any CPU.Build.0 = Debug|Any CPU
		{1B673666-0BB7-446E-B8F0-170880DAC0BF}.Release|Any CPU.ActiveCfg = Release|Any CPU
		{1B673666-0BB7-446E-B8F0-170880DAC0BF}.Release|Any CPU.Build.0 = Release|Any CPU
	EndGlobalSection
	GlobalSection(SolutionProperties) = preSolution
		HideSolutionNode = FALSE
	EndGlobalSection
	GlobalSection(ExtensibilityGlobals) = postSolution
		SolutionGuid = {147EDD93-A244-4193-9A08-86065F7751E0}
	EndGlobalSection
EndGlobal
