
Microsoft Visual Studio Solution File, Format Version 12.00
# Visual Studio Version 17
VisualStudioVersion = 17.4.33213.308
MinimumVisualStudioVersion = 10.0.40219.1
Project("{FAE04EC0-301F-11D3-BF4B-00C04F79EFBC}") = "WpfTool", "WpfTool\WpfTool.csproj", "{D029DF92-1E7A-4F61-AEC4-5E8F93D7646F}"
EndProject
Global
	GlobalSection(SolutionConfigurationPlatforms) = preSolution
		Debug|Any CPU = Debug|Any CPU
		Release|Any CPU = Release|Any CPU
	EndGlobalSection
	GlobalSection(ProjectConfigurationPlatforms) = postSolution
		{D029DF92-1E7A-4F61-AEC4-5E8F93D7646F}.Debug|Any CPU.ActiveCfg = Debug|Any CPU
		{D029DF92-1E7A-4F61-AEC4-5E8F93D7646F}.Debug|Any CPU.Build.0 = Debug|Any CPU
		{D029DF92-1E7A-4F61-AEC4-5E8F93D7646F}.Release|Any CPU.ActiveCfg = Release|Any CPU
		{D029DF92-1E7A-4F61-AEC4-5E8F93D7646F}.Release|Any CPU.Build.0 = Release|Any CPU
	EndGlobalSection
	GlobalSection(SolutionProperties) = preSolution
		HideSolutionNode = FALSE
	EndGlobalSection
	GlobalSection(ExtensibilityGlobals) = postSolution
		SolutionGuid = {EBE5985F-7319-46D5-95F2-2AD0B532F326}
	EndGlobalSection
EndGlobal
